// !$*UTF8*$!
{
	archiveVersion = 1;
	classes = {
	};
	objectVersion = 46;
	objects = {

/* Begin PBXBuildFile section */
		8066F7941BBAEA8A00E41A32 /* AppDelegate.swift in Sources */ = {isa = PBXBuildFile; fileRef = 8066F7931BBAEA8A00E41A32 /* AppDelegate.swift */; };
		8066F7961BBAEA8A00E41A32 /* ViewController.swift in Sources */ = {isa = PBXBuildFile; fileRef = 8066F7951BBAEA8A00E41A32 /* ViewController.swift */; };
		8066F7991BBAEA8A00E41A32 /* Main.storyboard in Resources */ = {isa = PBXBuildFile; fileRef = 8066F7971BBAEA8A00E41A32 /* Main.storyboard */; };
		8066F79B1BBAEA8A00E41A32 /* Images.xcassets in Resources */ = {isa = PBXBuildFile; fileRef = 8066F79A1BBAEA8A00E41A32 /* Images.xcassets */; };
		8066F79E1BBAEA8A00E41A32 /* LaunchScreen.xib in Resources */ = {isa = PBXBuildFile; fileRef = 8066F79C1BBAEA8A00E41A32 /* LaunchScreen.xib */; };
		8066F7AA1BBAEA8A00E41A32 /* project_1Tests.swift in Sources */ = {isa = PBXBuildFile; fileRef = 8066F7A91BBAEA8A00E41A32 /* project_1Tests.swift */; };
		8066F7B41BBAF16C00E41A32 /* SINA - DJAVAN.mp3 in Resources */ = {isa = PBXBuildFile; fileRef = 8066F7B31BBAF16B00E41A32 /* SINA - DJAVAN.mp3 */; };
/* End PBXBuildFile section */

/* Begin PBXContainerItemProxy section */
		8066F7A41BBAEA8A00E41A32 /* PBXContainerItemProxy */ = {
			isa = PBXContainerItemProxy;
			containerPortal = 8066F7861BBAEA8900E41A32 /* Project object */;
			proxyType = 1;
			remoteGlobalIDString = 8066F78D1BBAEA8A00E41A32;
			remoteInfo = "project-1";
		};
/* End PBXContainerItemProxy section */

/* Begin PBXFileReference section */
		8066F78E1BBAEA8A00E41A32 /* project-1.app */ = {isa = PBXFileReference; explicitFileType = wrapper.application; includeInIndex = 0; path = "project-1.app"; sourceTree = BUILT_PRODUCTS_DIR; };
		8066F7921BBAEA8A00E41A32 /* Info.plist */ = {isa = PBXFileReference; lastKnownFileType = text.plist.xml; path = Info.plist; sourceTree = "<group>"; };
		8066F7931BBAEA8A00E41A32 /* AppDelegate.swift */ = {isa = PBXFileReference; lastKnownFileType = sourcecode.swift; path = AppDelegate.swift; sourceTree = "<group>"; };
		8066F7951BBAEA8A00E41A32 /* ViewController.swift */ = {isa = PBXFileReference; lastKnownFileType = sourcecode.swift; path = ViewController.swift; sourceTree = "<group>"; };
		8066F7981BBAEA8A00E41A32 /* Base */ = {isa = PBXFileReference; lastKnownFileType = file.storyboard; name = Base; path = Base.lproj/Main.storyboard; sourceTree = "<group>"; };
		8066F79A1BBAEA8A00E41A32 /* Images.xcassets */ = {isa = PBXFileReference; lastKnownFileType = folder.assetcatalog; path = Images.xcassets; sourceTree = "<group>"; };
		8066F79D1BBAEA8A00E41A32 /* Base */ = {isa = PBXFileReference; lastKnownFileType = file.xib; name = Base; path = Base.lproj/LaunchScreen.xib; sourceTree = "<group>"; };
		8066F7A31BBAEA8A00E41A32 /* project-1Tests.xctest */ = {isa = PBXFileReference; explicitFileType = wrapper.cfbundle; includeInIndex = 0; path = "project-1Tests.xctest"; sourceTree = BUILT_PRODUCTS_DIR; };
		8066F7A81BBAEA8A00E41A32 /* Info.plist */ = {isa = PBXFileReference; lastKnownFileType = text.plist.xml; path = Info.plist; sourceTree = "<group>"; };
		8066F7A91BBAEA8A00E41A32 /* project_1Tests.swift */ = {isa = PBXFileReference; lastKnownFileType = sourcecode.swift; path = project_1Tests.swift; sourceTree = "<group>"; };
		8066F7B31BBAF16B00E41A32 /* SINA - DJAVAN.mp3 */ = {isa = PBXFileReference; lastKnownFileType = audio.mp3; path = "SINA - DJAVAN.mp3"; sourceTree = "<group>"; };
/* End PBXFileReference section */

/* Begin PBXFrameworksBuildPhase section */
		8066F78B1BBAEA8A00E41A32 /* Frameworks */ = {
			isa = PBXFrameworksBuildPhase;
			buildActionMask = 2147483647;
			files = (
			);
			runOnlyForDeploymentPostprocessing = 0;
		};
		8066F7A01BBAEA8A00E41A32 /* Frameworks */ = {
			isa = PBXFrameworksBuildPhase;
			buildActionMask = 2147483647;
			files = (
			);
			runOnlyForDeploymentPostprocessing = 0;
		};
/* End PBXFrameworksBuildPhase section */

/* Begin PBXGroup section */
		8066F7851BBAEA8900E41A32 = {
			isa = PBXGroup;
			children = (
				8066F7901BBAEA8A00E41A32 /* project-1 */,
				8066F7A61BBAEA8A00E41A32 /* project-1Tests */,
				8066F78F1BBAEA8A00E41A32 /* Products */,
			);
			sourceTree = "<group>";
		};
		8066F78F1BBAEA8A00E41A32 /* Products */ = {
			isa = PBXGroup;
			children = (
				8066F78E1BBAEA8A00E41A32 /* project-1.app */,
				8066F7A31BBAEA8A00E41A32 /* project-1Tests.xctest */,
			);
			name = Products;
			sourceTree = "<group>";
		};
		8066F7901BBAEA8A00E41A32 /* project-1 */ = {
			isa = PBXGroup;
			children = (
				8066F7931BBAEA8A00E41A32 /* AppDelegate.swift */,
				8066F7951BBAEA8A00E41A32 /* ViewController.swift */,
				8066F7971BBAEA8A00E41A32 /* Main.storyboard */,
				8066F79A1BBAEA8A00E41A32 /* Images.xcassets */,
				8066F79C1BBAEA8A00E41A32 /* LaunchScreen.xib */,
				8066F7911BBAEA8A00E41A32 /* Supporting Files */,
			);
			path = "project-1";
			sourceTree = "<group>";
		};
		8066F7911BBAEA8A00E41A32 /* Supporting Files */ = {
			isa = PBXGroup;
			children = (
				8066F7B31BBAF16B00E41A32 /* SINA - DJAVAN.mp3 */,
				8066F7921BBAEA8A00E41A32 /* Info.plist */,
			);
			name = "Supporting Files";
			sourceTree = "<group>";
		};
		8066F7A61BBAEA8A00E41A32 /* project-1Tests */ = {
			isa = PBXGroup;
			children = (
				8066F7A91BBAEA8A00E41A32 /* project_1Tests.swift */,
				8066F7A71BBAEA8A00E41A32 /* Supporting Files */,
			);
			path = "project-1Tests";
			sourceTree = "<group>";
		};
		8066F7A71BBAEA8A00E41A32 /* Supporting Files */ = {
			isa = PBXGroup;
			children = (
				8066F7A81BBAEA8A00E41A32 /* Info.plist */,
			);
			name = "Supporting Files";
			sourceTree = "<group>";
		};
/* End PBXGroup section */

/* Begin PBXNativeTarget section */
		8066F78D1BBAEA8A00E41A32 /* project-1 */ = {
			isa = PBXNativeTarget;
			buildConfigurationList = 8066F7AD1BBAEA8A00E41A32 /* Build configuration list for PBXNativeTarget "project-1" */;
			buildPhases = (
				8066F78A1BBAEA8A00E41A32 /* Sources */,
				8066F78B1BBAEA8A00E41A32 /* Frameworks */,
				8066F78C1BBAEA8A00E41A32 /* Resources */,
			);
			buildRules = (
			);
			dependencies = (
			);
			name = "project-1";
			productName = "project-1";
			productReference = 8066F78E1BBAEA8A00E41A32 /* project-1.app */;
			productType = "com.apple.product-type.application";
		};
		8066F7A21BBAEA8A00E41A32 /* project-1Tests */ = {
			isa = PBXNativeTarget;
			buildConfigurationList = 8066F7B01BBAEA8A00E41A32 /* Build configuration list for PBXNativeTarget "project-1Tests" */;
			buildPhases = (
				8066F79F1BBAEA8A00E41A32 /* Sources */,
				8066F7A01BBAEA8A00E41A32 /* Frameworks */,
				8066F7A11BBAEA8A00E41A32 /* Resources */,
			);
			buildRules = (
			);
			dependencies = (
				8066F7A51BBAEA8A00E41A32 /* PBXTargetDependency */,
			);
			name = "project-1Tests";
			productName = "project-1Tests";
			productReference = 8066F7A31BBAEA8A00E41A32 /* project-1Tests.xctest */;
			productType = "com.apple.product-type.bundle.unit-test";
		};
/* End PBXNativeTarget section */

/* Begin PBXProject section */
		8066F7861BBAEA8900E41A32 /* Project object */ = {
			isa = PBXProject;
			attributes = {
				LastUpgradeCheck = 0640;
				ORGANIZATIONNAME = "Kelly Brichta";
				TargetAttributes = {
					8066F78D1BBAEA8A00E41A32 = {
						CreatedOnToolsVersion = 6.4;
					};
					8066F7A21BBAEA8A00E41A32 = {
						CreatedOnToolsVersion = 6.4;
						TestTargetID = 8066F78D1BBAEA8A00E41A32;
					};
				};
			};
			buildConfigurationList = 8066F7891BBAEA8900E41A32 /* Build configuration list for PBXProject "project-1" */;
			compatibilityVersion = "Xcode 3.2";
			developmentRegion = English;
			hasScannedForEncodings = 0;
			knownRegions = (
				en,
				Base,
			);
			mainGroup = 8066F7851BBAEA8900E41A32;
			productRefGroup = 8066F78F1BBAEA8A00E41A32 /* Products */;
			projectDirPath = "";
			projectRoot = "";
			targets = (
				8066F78D1BBAEA8A00E41A32 /* project-1 */,
				8066F7A21BBAEA8A00E41A32 /* project-1Tests */,
			);
		};
/* End PBXProject section */

/* Begin PBXResourcesBuildPhase section */
		8066F78C1BBAEA8A00E41A32 /* Resources */ = {
			isa = PBXResourcesBuildPhase;
			buildActionMask = 2147483647;
			files = (
				8066F7991BBAEA8A00E41A32 /* Main.storyboard in Resources */,
				8066F79E1BBAEA8A00E41A32 /* LaunchScreen.xib in Resources */,
				8066F79B1BBAEA8A00E41A32 /* Images.xcassets in Resources */,
				8066F7B41BBAF16C00E41A32 /* SINA - DJAVAN.mp3 in Resources */,
			);
			runOnlyForDeploymentPostprocessing = 0;
		};
		8066F7A11BBAEA8A00E41A32 /* Resources */ = {
			isa = PBXResourcesBuildPhase;
			buildActionMask = 2147483647;
			files = (
			);
			runOnlyForDeploymentPostprocessing = 0;
		};
/* End PBXResourcesBuildPhase section */

/* Begin PBXSourcesBuildPhase section */
		8066F78A1BBAEA8A00E41A32 /* Sources */ = {
			isa = PBXSourcesBuildPhase;
			buildActionMask = 2147483647;
			files = (
				8066F7961BBAEA8A00E41A32 /* ViewController.swift in Sources */,
				8066F7941BBAEA8A00E41A32 /* AppDelegate.swift in Sources */,
			);
			runOnlyForDeploymentPostprocessing = 0;
		};
		8066F79F1BBAEA8A00E41A32 /* Sources */ = {
			isa = PBXSourcesBuildPhase;
			buildActionMask = 2147483647;
			files = (
				8066F7AA1BBAEA8A00E41A32 /* project_1Tests.swift in Sources */,
			);
			runOnlyForDeploymentPostprocessing = 0;
		};
/* End PBXSourcesBuildPhase section */

/* Begin PBXTargetDependency section */
		8066F7A51BBAEA8A00E41A32 /* PBXTargetDependency */ = {
			isa = PBXTargetDependency;
			target = 8066F78D1BBAEA8A00E41A32 /* project-1 */;
			targetProxy = 8066F7A41BBAEA8A00E41A32 /* PBXContainerItemProxy */;
		};
/* End PBXTargetDependency section */

/* Begin PBXVariantGroup section */
		8066F7971BBAEA8A00E41A32 /* Main.storyboard */ = {
			isa = PBXVariantGroup;
			children = (
				8066F7981BBAEA8A00E41A32 /* Base */,
			);
			name = Main.storyboard;
			sourceTree = "<group>";
		};
		8066F79C1BBAEA8A00E41A32 /* LaunchScreen.xib */ = {
			isa = PBXVariantGroup;
			children = (
				8066F79D1BBAEA8A00E41A32 /* Base */,
			);
			name = LaunchScreen.xib;
			sourceTree = "<group>";
		};
/* End PBXVariantGroup section */

/* Begin XCBuildConfiguration section */
		8066F7AB1BBAEA8A00E41A32 /* Debug */ = {
			isa = XCBuildConfiguration;
			buildSettings = {
				ALWAYS_SEARCH_USER_PATHS = NO;
				CLANG_CXX_LANGUAGE_STANDARD = "gnu++0x";
				CLANG_CXX_LIBRARY = "libc++";
				CLANG_ENABLE_MODULES = YES;
				CLANG_ENABLE_OBJC_ARC = YES;
				CLANG_WARN_BOOL_CONVERSION = YES;
				CLANG_WARN_CONSTANT_CONVERSION = YES;
				CLANG_WARN_DIRECT_OBJC_ISA_USAGE = YES_ERROR;
				CLANG_WARN_EMPTY_BODY = YES;
				CLANG_WARN_ENUM_CONVERSION = YES;
				CLANG_WARN_INT_CONVERSION = YES;
				CLANG_WARN_OBJC_ROOT_CLASS = YES_ERROR;
				CLANG_WARN_UNREACHABLE_CODE = YES;
				CLANG_WARN__DUPLICATE_METHOD_MATCH = YES;
				"CODE_SIGN_IDENTITY[sdk=iphoneos*]" = "iPhone Developer";
				COPY_PHASE_STRIP = NO;
				DEBUG_INFORMATION_FORMAT = "dwarf-with-dsym";
				ENABLE_STRICT_OBJC_MSGSEND = YES;
				GCC_C_LANGUAGE_STANDARD = gnu99;
				GCC_DYNAMIC_NO_PIC = NO;
				GCC_NO_COMMON_BLOCKS = YES;
				GCC_OPTIMIZATION_LEVEL = 0;
				GCC_PREPROCESSOR_DEFINITIONS = (
					"DEBUG=1",
					"$(inherited)",
				);
				GCC_SYMBOLS_PRIVATE_EXTERN = NO;
				GCC_WARN_64_TO_32_BIT_CONVERSION = YES;
				GCC_WARN_ABOUT_RETURN_TYPE = YES_ERROR;
				GCC_WARN_UNDECLARED_SELECTOR = YES;
				GCC_WARN_UNINITIALIZED_AUTOS = YES_AGGRESSIVE;
				GCC_WARN_UNUSED_FUNCTION = YES;
				GCC_WARN_UNUSED_VARIABLE = YES;
				IPHONEOS_DEPLOYMENT_TARGET = 8.4;
				MTL_ENABLE_DEBUG_INFO = YES;
				ONLY_ACTIVE_ARCH = YES;
				SDKROOT = iphoneos;
				SWIFT_OPTIMIZATION_LEVEL = "-Onone";
			};
			name = Debug;
		};
		8066F7AC1BBAEA8A00E41A32 /* Release */ = {
			isa = XCBuildConfiguration;
			buildSettings = {
				ALWAYS_SEARCH_USER_PATHS = NO;
				CLANG_CXX_LANGUAGE_STANDARD = "gnu++0x";
				CLANG_CXX_LIBRARY = "libc++";
				CLANG_ENABLE_MODULES = YES;
				CLANG_ENABLE_OBJC_ARC = YES;
				CLANG_WARN_BOOL_CONVERSION = YES;
				CLANG_WARN_CONSTANT_CONVERSION = YES;
				CLANG_WARN_DIRECT_OBJC_ISA_USAGE = YES_ERROR;
				CLANG_WARN_EMPTY_BODY = YES;
				CLANG_WARN_ENUM_CONVERSION = YES;
				CLANG_WARN_INT_CONVERSION = YES;
				CLANG_WARN_OBJC_ROOT_CLASS = YES_ERROR;
				CLANG_WARN_UNREACHABLE_CODE = YES;
				CLANG_WARN__DUPLICATE_METHOD_MATCH = YES;
				"CODE_SIGN_IDENTITY[sdk=iphoneos*]" = "iPhone Developer";
				COPY_PHASE_STRIP = NO;
				DEBUG_INFORMATION_FORMAT = "dwarf-with-dsym";
				ENABLE_NS_ASSERTIONS = NO;
				ENABLE_STRICT_OBJC_MSGSEND = YES;
				GCC_C_LANGUAGE_STANDARD = gnu99;
				GCC_NO_COMMON_BLOCKS = YES;
				GCC_WARN_64_TO_32_BIT_CONVERSION = YES;
				GCC_WARN_ABOUT_RETURN_TYPE = YES_ERROR;
				GCC_WARN_UNDECLARED_SELECTOR = YES;
				GCC_WARN_UNINITIALIZED_AUTOS = YES_AGGRESSIVE;
				GCC_WARN_UNUSED_FUNCTION = YES;
				GCC_WARN_UNUSED_VARIABLE = YES;
				IPHONEOS_DEPLOYMENT_TARGET = 8.4;
				MTL_ENABLE_DEBUG_INFO = NO;
				SDKROOT = iphoneos;
				VALIDATE_PRODUCT = YES;
			};
			name = Release;
		};
		8066F7AE1BBAEA8A00E41A32 /* Debug */ = {
			isa = XCBuildConfiguration;
			buildSettings = {
				ASSETCATALOG_COMPILER_APPICON_NAME = AppIcon;
				INFOPLIST_FILE = "project-1/Info.plist";
				LD_RUNPATH_SEARCH_PATHS = "$(inherited) @executable_path/Frameworks";
				PRODUCT_NAME = "$(TARGET_NAME)";
			};
			name = Debug;
		};
		8066F7AF1BBAEA8A00E41A32 /* Release */ = {
			isa = XCBuildConfiguration;
			buildSettings = {
				ASSETCATALOG_COMPILER_APPICON_NAME = AppIcon;
				INFOPLIST_FILE = "project-1/Info.plist";
				LD_RUNPATH_SEARCH_PATHS = "$(inherited) @executable_path/Frameworks";
				PRODUCT_NAME = "$(TARGET_NAME)";
			};
			name = Release;
		};
		8066F7B11BBAEA8A00E41A32 /* Debug */ = {
			isa = XCBuildConfiguration;
			buildSettings = {
				BUNDLE_LOADER = "$(TEST_HOST)";
				FRAMEWORK_SEARCH_PATHS = (
					"$(SDKROOT)/Developer/Library/Frameworks",
					"$(inherited)",
				);
				GCC_PREPROCESSOR_DEFINITIONS = (
					"DEBUG=1",
					"$(inherited)",
				);
				INFOPLIST_FILE = "project-1Tests/Info.plist";
				LD_RUNPATH_SEARCH_PATHS = "$(inherited) @executable_path/Frameworks @loader_path/Frameworks";
				PRODUCT_NAME = "$(TARGET_NAME)";
				TEST_HOST = "$(BUILT_PRODUCTS_DIR)/project-1.app/project-1";
			};
			name = Debug;
		};
		8066F7B21BBAEA8A00E41A32 /* Release */ = {
			isa = XCBuildConfiguration;
			buildSettings = {
				BUNDLE_LOADER = "$(TEST_HOST)";
				FRAMEWORK_SEARCH_PATHS = (
					"$(SDKROOT)/Developer/Library/Frameworks",
					"$(inherited)",
				);
				INFOPLIST_FILE = "project-1Tests/Info.plist";
				LD_RUNPATH_SEARCH_PATHS = "$(inherited) @executable_path/Frameworks @loader_path/Frameworks";
				PRODUCT_NAME = "$(TARGET_NAME)";
				TEST_HOST = "$(BUILT_PRODUCTS_DIR)/project-1.app/project-1";
			};
			name = Release;
		};
/* End XCBuildConfiguration section */

/* Begin XCConfigurationList section */
		8066F7891BBAEA8900E41A32 /* Build configuration list for PBXProject "project-1" */ = {
			isa = XCConfigurationList;
			buildConfigurations = (
				8066F7AB1BBAEA8A00E41A32 /* Debug */,
				8066F7AC1BBAEA8A00E41A32 /* Release */,
			);
			defaultConfigurationIsVisible = 0;
			defaultConfigurationName = Release;
		};
		8066F7AD1BBAEA8A00E41A32 /* Build configuration list for PBXNativeTarget "project-1" */ = {
			isa = XCConfigurationList;
			buildConfigurations = (
				8066F7AE1BBAEA8A00E41A32 /* Debug */,
				8066F7AF1BBAEA8A00E41A32 /* Release */,
			);
			defaultConfigurationIsVisible = 0;
		};
		8066F7B01BBAEA8A00E41A32 /* Build configuration list for PBXNativeTarget "project-1Tests" */ = {
			isa = XCConfigurationList;
			buildConfigurations = (
				8066F7B11BBAEA8A00E41A32 /* Debug */,
				8066F7B21BBAEA8A00E41A32 /* Release */,
			);
			defaultConfigurationIsVisible = 0;
		};
/* End XCConfigurationList section */
	};
	rootObject = 8066F7861BBAEA8900E41A32 /* Project object */;
}
